
Microsoft Visual Studio Solution File, Format Version 12.00
# Visual Studio Version 17
VisualStudioVersion = 17.13.35825.156 d17.13
MinimumVisualStudioVersion = 10.0.40219.1
Project("{2150E333-8FDC-42A3-9474-1A3956D46DE8}") = "API_BASED", "API_BASED", "{02EA681E-C7D8-13C7-8484-4AC65E1B71E8}"
EndProject
Project("{2150E333-8FDC-42A3-9474-1A3956D46DE8}") = "EVENT_BASED", "EVENT_BASED", "{688EB171-566F-48B6-9742-83B08295C773}"
EndProject
Project("{FAE04EC0-301F-11D3-BF4B-00C04F79EFBC}") = "ServiceA", "API_BASED\ServiceA\ServiceA.csproj", "{BF610D91-D167-453B-99B2-50F5485E6826}"
EndProject
Project("{FAE04EC0-301F-11D3-BF4B-00C04F79EFBC}") = "ServiceB", "API_BASED\Service_B\ServiceB.csproj", "{C87B135C-1923-4231-99E9-5D26B6727A34}"
EndProject
Project("{FAE04EC0-301F-11D3-BF4B-00C04F79EFBC}") = "ServiceA", "EVENT_BASED\ServiceA\ServiceA.csproj", "{0DB0C4A1-564B-4D38-A8AC-3C036EBB7AA9}"
EndProject
Project("{FAE04EC0-301F-11D3-BF4B-00C04F79EFBC}") = "ServiceB", "EVENT_BASED\ServiceB\ServiceB.csproj", "{EC586612-5DAE-4DF6-999D-9101D8B08809}"
EndProject
Project("{FAE04EC0-301F-11D3-BF4B-00C04F79EFBC}") = "Shared", "EVENT_BASED\Shared\Shared.csproj", "{DCCB01A8-03CF-40B3-A933-99D9216EE52B}"
EndProject
Global
	GlobalSection(SolutionConfigurationPlatforms) = preSolution
		Debug|Any CPU = Debug|Any CPU
		Release|Any CPU = Release|Any CPU
	EndGlobalSection
	GlobalSection(ProjectConfigurationPlatforms) = postSolution
		{BF610D91-D167-453B-99B2-50F5485E6826}.Debug|Any CPU.ActiveCfg = Debug|Any CPU
		{BF610D91-D167-453B-99B2-50F5485E6826}.Debug|Any CPU.Build.0 = Debug|Any CPU
		{BF610D91-D167-453B-99B2-50F5485E6826}.Release|Any CPU.ActiveCfg = Release|Any CPU
		{BF610D91-D167-453B-99B2-50F5485E6826}.Release|Any CPU.Build.0 = Release|Any CPU
		{C87B135C-1923-4231-99E9-5D26B6727A34}.Debug|Any CPU.ActiveCfg = Debug|Any CPU
		{C87B135C-1923-4231-99E9-5D26B6727A34}.Debug|Any CPU.Build.0 = Debug|Any CPU
		{C87B135C-1923-4231-99E9-5D26B6727A34}.Release|Any CPU.ActiveCfg = Release|Any CPU
		{C87B135C-1923-4231-99E9-5D26B6727A34}.Release|Any CPU.Build.0 = Release|Any CPU
		{0DB0C4A1-564B-4D38-A8AC-3C036EBB7AA9}.Debug|Any CPU.ActiveCfg = Debug|Any CPU
		{0DB0C4A1-564B-4D38-A8AC-3C036EBB7AA9}.Debug|Any CPU.Build.0 = Debug|Any CPU
		{0DB0C4A1-564B-4D38-A8AC-3C036EBB7AA9}.Release|Any CPU.ActiveCfg = Release|Any CPU
		{0DB0C4A1-564B-4D38-A8AC-3C036EBB7AA9}.Release|Any CPU.Build.0 = Release|Any CPU
		{EC586612-5DAE-4DF6-999D-9101D8B08809}.Debug|Any CPU.ActiveCfg = Debug|Any CPU
		{EC586612-5DAE-4DF6-999D-9101D8B08809}.Debug|Any CPU.Build.0 = Debug|Any CPU
		{EC586612-5DAE-4DF6-999D-9101D8B08809}.Release|Any CPU.ActiveCfg = Release|Any CPU
		{EC586612-5DAE-4DF6-999D-9101D8B08809}.Release|Any CPU.Build.0 = Release|Any CPU
		{DCCB01A8-03CF-40B3-A933-99D9216EE52B}.Debug|Any CPU.ActiveCfg = Debug|Any CPU
		{DCCB01A8-03CF-40B3-A933-99D9216EE52B}.Debug|Any CPU.Build.0 = Debug|Any CPU
		{DCCB01A8-03CF-40B3-A933-99D9216EE52B}.Release|Any CPU.ActiveCfg = Release|Any CPU
		{DCCB01A8-03CF-40B3-A933-99D9216EE52B}.Release|Any CPU.Build.0 = Release|Any CPU
	EndGlobalSection
	GlobalSection(SolutionProperties) = preSolution
		HideSolutionNode = FALSE
	EndGlobalSection
	GlobalSection(NestedProjects) = preSolution
		{BF610D91-D167-453B-99B2-50F5485E6826} = {02EA681E-C7D8-13C7-8484-4AC65E1B71E8}
		{C87B135C-1923-4231-99E9-5D26B6727A34} = {02EA681E-C7D8-13C7-8484-4AC65E1B71E8}
		{0DB0C4A1-564B-4D38-A8AC-3C036EBB7AA9} = {688EB171-566F-48B6-9742-83B08295C773}
		{EC586612-5DAE-4DF6-999D-9101D8B08809} = {688EB171-566F-48B6-9742-83B08295C773}
		{DCCB01A8-03CF-40B3-A933-99D9216EE52B} = {688EB171-566F-48B6-9742-83B08295C773}
	EndGlobalSection
	GlobalSection(ExtensibilityGlobals) = postSolution
		SolutionGuid = {0A4F3068-8581-46FE-B317-BDD384CCE158}
	EndGlobalSection
EndGlobal
